{
  "name": "xiaofeng-demo00",
  "version": "1.0.0",
  "lockfileVersion": 1,
  "requires": true,
  "dependencies": {
    "marked": {
      "version": "0.3.6",
      "resolved": "https://registry.npmjs.org/marked/-/marked-0.3.6.tgz",
      "integrity": "sha1-ssbGGPzOzk74bE/Gy4p8v1rtqNc="
    },
    "xiaofeng-demo0": {
      "version": "1.0.0",
      "resolved": "https://registry.npmjs.org/xiaofeng-demo0/-/xiaofeng-demo0-1.0.0.tgz",
      "integrity": "sha512-G6SVmVJIepYQu0qOOXWsLNJ/cy+B5THd4E43Ifum9Bt8VerMKjuhWvkXR8zegiuoOtZ8R4vK65Pp5WpK5AXirQ==",
      "requires": {
        "marked": "0.3.6"
      }
    }
  }
}
